
Microsoft Visual Studio Solution File, Format Version 12.00
# Visual Studio Version 17
VisualStudioVersion = 17.11.35431.28
MinimumVisualStudioVersion = 10.0.40219.1
Project("{FAE04EC0-301F-11D3-BF4B-00C04F79EFBC}") = "MediaService.Core", "MediaService.Core\MediaService.Core.csproj", "{8913AAE9-60BB-4F03-88B8-1B562AFE176F}"
EndProject
Global
	GlobalSection(SolutionConfigurationPlatforms) = preSolution
		Debug|Any CPU = Debug|Any CPU
		Release|Any CPU = Release|Any CPU
	EndGlobalSection
	GlobalSection(ProjectConfigurationPlatforms) = postSolution
		{8913AAE9-60BB-4F03-88B8-1B562AFE176F}.Debug|Any CPU.ActiveCfg = Debug|Any CPU
		{8913AAE9-60BB-4F03-88B8-1B562AFE176F}.Debug|Any CPU.Build.0 = Debug|Any CPU
		{8913AAE9-60BB-4F03-88B8-1B562AFE176F}.Release|Any CPU.ActiveCfg = Release|Any CPU
		{8913AAE9-60BB-4F03-88B8-1B562AFE176F}.Release|Any CPU.Build.0 = Release|Any CPU
	EndGlobalSection
	GlobalSection(SolutionProperties) = preSolution
		HideSolutionNode = FALSE
	EndGlobalSection
	GlobalSection(ExtensibilityGlobals) = postSolution
		SolutionGuid = {67F9C168-8F2A-4DFB-AA80-5B80150159F1}
	EndGlobalSection
EndGlobal
